// !$*UTF8*$!
{
	archiveVersion = 1;
	classes = {
	};
	objectVersion = 56;
	objects = {

/* Begin PBXBuildFile section */
		B12CA3D4299AF5A0003407FB /* AppDelegate.swift in Sources */ = {isa = PBXBuildFile; fileRef = B12CA3D3299AF5A0003407FB /* AppDelegate.swift */; };
		B12CA3D6299AF5A0003407FB /* SceneDelegate.swift in Sources */ = {isa = PBXBuildFile; fileRef = B12CA3D5299AF5A0003407FB /* SceneDelegate.swift */; };
		B12CA3D8299AF5A0003407FB /* ViewController.swift in Sources */ = {isa = PBXBuildFile; fileRef = B12CA3D7299AF5A0003407FB /* ViewController.swift */; };
		B12CA3DB299AF5A0003407FB /* Main.storyboard in Resources */ = {isa = PBXBuildFile; fileRef = B12CA3D9299AF5A0003407FB /* Main.storyboard */; };
		B12CA3DD299AF5A0003407FB /* Assets.xcassets in Resources */ = {isa = PBXBuildFile; fileRef = B12CA3DC299AF5A0003407FB /* Assets.xcassets */; };
		B12CA3E0299AF5A0003407FB /* LaunchScreen.storyboard in Resources */ = {isa = PBXBuildFile; fileRef = B12CA3DE299AF5A0003407FB /* LaunchScreen.storyboard */; };
		B12CA3EB299AF5A1003407FB /* CardGameTests.swift in Sources */ = {isa = PBXBuildFile; fileRef = B12CA3EA299AF5A1003407FB /* CardGameTests.swift */; };
		B12CA3F5299AF5A1003407FB /* CardGameUITests.swift in Sources */ = {isa = PBXBuildFile; fileRef = B12CA3F4299AF5A1003407FB /* CardGameUITests.swift */; };
		B12CA3F7299AF5A1003407FB /* CardGameUITestsLaunchTests.swift in Sources */ = {isa = PBXBuildFile; fileRef = B12CA3F6299AF5A1003407FB /* CardGameUITestsLaunchTests.swift */; };
/* End PBXBuildFile section */

/* Begin PBXContainerItemProxy section */
		B12CA3E7299AF5A1003407FB /* PBXContainerItemProxy */ = {
			isa = PBXContainerItemProxy;
			containerPortal = B12CA3C8299AF5A0003407FB /* Project object */;
			proxyType = 1;
			remoteGlobalIDString = B12CA3CF299AF5A0003407FB;
			remoteInfo = CardGame;
		};
		B12CA3F1299AF5A1003407FB /* PBXContainerItemProxy */ = {
			isa = PBXContainerItemProxy;
			containerPortal = B12CA3C8299AF5A0003407FB /* Project object */;
			proxyType = 1;
			remoteGlobalIDString = B12CA3CF299AF5A0003407FB;
			remoteInfo = CardGame;
		};
/* End PBXContainerItemProxy section */

/* Begin PBXFileReference section */
		B12CA3D0299AF5A0003407FB /* CardGame.app */ = {isa = PBXFileReference; explicitFileType = wrapper.application; includeInIndex = 0; path = CardGame.app; sourceTree = BUILT_PRODUCTS_DIR; };
		B12CA3D3299AF5A0003407FB /* AppDelegate.swift */ = {isa = PBXFileReference; lastKnownFileType = sourcecode.swift; path = AppDelegate.swift; sourceTree = "<group>"; };
		B12CA3D5299AF5A0003407FB /* SceneDelegate.swift */ = {isa = PBXFileReference; lastKnownFileType = sourcecode.swift; path = SceneDelegate.swift; sourceTree = "<group>"; };
		B12CA3D7299AF5A0003407FB /* ViewController.swift */ = {isa = PBXFileReference; lastKnownFileType = sourcecode.swift; path = ViewController.swift; sourceTree = "<group>"; };
		B12CA3DA299AF5A0003407FB /* Base */ = {isa = PBXFileReference; lastKnownFileType = file.storyboard; name = Base; path = Base.lproj/Main.storyboard; sourceTree = "<group>"; };
		B12CA3DC299AF5A0003407FB /* Assets.xcassets */ = {isa = PBXFileReference; lastKnownFileType = folder.assetcatalog; path = Assets.xcassets; sourceTree = "<group>"; };
		B12CA3DF299AF5A0003407FB /* Base */ = {isa = PBXFileReference; lastKnownFileType = file.storyboard; name = Base; path = Base.lproj/LaunchScreen.storyboard; sourceTree = "<group>"; };
		B12CA3E1299AF5A0003407FB /* Info.plist */ = {isa = PBXFileReference; lastKnownFileType = text.plist.xml; path = Info.plist; sourceTree = "<group>"; };
		B12CA3E6299AF5A1003407FB /* CardGameTests.xctest */ = {isa = PBXFileReference; explicitFileType = wrapper.cfbundle; includeInIndex = 0; path = CardGameTests.xctest; sourceTree = BUILT_PRODUCTS_DIR; };
		B12CA3EA299AF5A1003407FB /* CardGameTests.swift */ = {isa = PBXFileReference; lastKnownFileType = sourcecode.swift; path = CardGameTests.swift; sourceTree = "<group>"; };
		B12CA3F0299AF5A1003407FB /* CardGameUITests.xctest */ = {isa = PBXFileReference; explicitFileType = wrapper.cfbundle; includeInIndex = 0; path = CardGameUITests.xctest; sourceTree = BUILT_PRODUCTS_DIR; };
		B12CA3F4299AF5A1003407FB /* CardGameUITests.swift */ = {isa = PBXFileReference; lastKnownFileType = sourcecode.swift; path = CardGameUITests.swift; sourceTree = "<group>"; };
		B12CA3F6299AF5A1003407FB /* CardGameUITestsLaunchTests.swift */ = {isa = PBXFileReference; lastKnownFileType = sourcecode.swift; path = CardGameUITestsLaunchTests.swift; sourceTree = "<group>"; };
/* End PBXFileReference section */

/* Begin PBXFrameworksBuildPhase section */
		B12CA3CD299AF5A0003407FB /* Frameworks */ = {
			isa = PBXFrameworksBuildPhase;
			buildActionMask = 2147483647;
			files = (
			);
			runOnlyForDeploymentPostprocessing = 0;
		};
		B12CA3E3299AF5A1003407FB /* Frameworks */ = {
			isa = PBXFrameworksBuildPhase;
			buildActionMask = 2147483647;
			files = (
			);
			runOnlyForDeploymentPostprocessing = 0;
		};
		B12CA3ED299AF5A1003407FB /* Frameworks */ = {
			isa = PBXFrameworksBuildPhase;
			buildActionMask = 2147483647;
			files = (
			);
			runOnlyForDeploymentPostprocessing = 0;
		};
/* End PBXFrameworksBuildPhase section */

/* Begin PBXGroup section */
		B12CA3C7299AF5A0003407FB = {
			isa = PBXGroup;
			children = (
				B12CA3D2299AF5A0003407FB /* CardGame */,
				B12CA3E9299AF5A1003407FB /* CardGameTests */,
				B12CA3F3299AF5A1003407FB /* CardGameUITests */,
				B12CA3D1299AF5A0003407FB /* Products */,
			);
			sourceTree = "<group>";
		};
		B12CA3D1299AF5A0003407FB /* Products */ = {
			isa = PBXGroup;
			children = (
				B12CA3D0299AF5A0003407FB /* CardGame.app */,
				B12CA3E6299AF5A1003407FB /* CardGameTests.xctest */,
				B12CA3F0299AF5A1003407FB /* CardGameUITests.xctest */,
			);
			name = Products;
			sourceTree = "<group>";
		};
		B12CA3D2299AF5A0003407FB /* CardGame */ = {
			isa = PBXGroup;
			children = (
				B12CA3D3299AF5A0003407FB /* AppDelegate.swift */,
				B12CA3D5299AF5A0003407FB /* SceneDelegate.swift */,
				B12CA3D7299AF5A0003407FB /* ViewController.swift */,
				B12CA3D9299AF5A0003407FB /* Main.storyboard */,
				B12CA3DC299AF5A0003407FB /* Assets.xcassets */,
				B12CA3DE299AF5A0003407FB /* LaunchScreen.storyboard */,
				B12CA3E1299AF5A0003407FB /* Info.plist */,
			);
			path = CardGame;
			sourceTree = "<group>";
		};
		B12CA3E9299AF5A1003407FB /* CardGameTests */ = {
			isa = PBXGroup;
			children = (
				B12CA3EA299AF5A1003407FB /* CardGameTests.swift */,
			);
			path = CardGameTests;
			sourceTree = "<group>";
		};
		B12CA3F3299AF5A1003407FB /* CardGameUITests */ = {
			isa = PBXGroup;
			children = (
				B12CA3F4299AF5A1003407FB /* CardGameUITests.swift */,
				B12CA3F6299AF5A1003407FB /* CardGameUITestsLaunchTests.swift */,
			);
			path = CardGameUITests;
			sourceTree = "<group>";
		};
/* End PBXGroup section */

/* Begin PBXNativeTarget section */
		B12CA3CF299AF5A0003407FB /* CardGame */ = {
			isa = PBXNativeTarget;
			buildConfigurationList = B12CA3FA299AF5A1003407FB /* Build configuration list for PBXNativeTarget "CardGame" */;
			buildPhases = (
				B12CA3CC299AF5A0003407FB /* Sources */,
				B12CA3CD299AF5A0003407FB /* Frameworks */,
				B12CA3CE299AF5A0003407FB /* Resources */,
			);
			buildRules = (
			);
			dependencies = (
			);
			name = CardGame;
			productName = CardGame;
			productReference = B12CA3D0299AF5A0003407FB /* CardGame.app */;
			productType = "com.apple.product-type.application";
		};
		B12CA3E5299AF5A1003407FB /* CardGameTests */ = {
			isa = PBXNativeTarget;
			buildConfigurationList = B12CA3FD299AF5A1003407FB /* Build configuration list for PBXNativeTarget "CardGameTests" */;
			buildPhases = (
				B12CA3E2299AF5A1003407FB /* Sources */,
				B12CA3E3299AF5A1003407FB /* Frameworks */,
				B12CA3E4299AF5A1003407FB /* Resources */,
			);
			buildRules = (
			);
			dependencies = (
				B12CA3E8299AF5A1003407FB /* PBXTargetDependency */,
			);
			name = CardGameTests;
			productName = CardGameTests;
			productReference = B12CA3E6299AF5A1003407FB /* CardGameTests.xctest */;
			productType = "com.apple.product-type.bundle.unit-test";
		};
		B12CA3EF299AF5A1003407FB /* CardGameUITests */ = {
			isa = PBXNativeTarget;
			buildConfigurationList = B12CA400299AF5A1003407FB /* Build configuration list for PBXNativeTarget "CardGameUITests" */;
			buildPhases = (
				B12CA3EC299AF5A1003407FB /* Sources */,
				B12CA3ED299AF5A1003407FB /* Frameworks */,
				B12CA3EE299AF5A1003407FB /* Resources */,
			);
			buildRules = (
			);
			dependencies = (
				B12CA3F2299AF5A1003407FB /* PBXTargetDependency */,
			);
			name = CardGameUITests;
			productName = CardGameUITests;
			productReference = B12CA3F0299AF5A1003407FB /* CardGameUITests.xctest */;
			productType = "com.apple.product-type.bundle.ui-testing";
		};
/* End PBXNativeTarget section */

/* Begin PBXProject section */
		B12CA3C8299AF5A0003407FB /* Project object */ = {
			isa = PBXProject;
			attributes = {
				BuildIndependentTargetsInParallel = 1;
				LastSwiftUpdateCheck = 1420;
				LastUpgradeCheck = 1420;
				TargetAttributes = {
					B12CA3CF299AF5A0003407FB = {
						CreatedOnToolsVersion = 14.2;
					};
					B12CA3E5299AF5A1003407FB = {
						CreatedOnToolsVersion = 14.2;
						TestTargetID = B12CA3CF299AF5A0003407FB;
					};
					B12CA3EF299AF5A1003407FB = {
						CreatedOnToolsVersion = 14.2;
						TestTargetID = B12CA3CF299AF5A0003407FB;
					};
				};
			};
			buildConfigurationList = B12CA3CB299AF5A0003407FB /* Build configuration list for PBXProject "CardGame" */;
			compatibilityVersion = "Xcode 14.0";
			developmentRegion = en;
			hasScannedForEncodings = 0;
			knownRegions = (
				en,
				Base,
			);
			mainGroup = B12CA3C7299AF5A0003407FB;
			productRefGroup = B12CA3D1299AF5A0003407FB /* Products */;
			projectDirPath = "";
			projectRoot = "";
			targets = (
				B12CA3CF299AF5A0003407FB /* CardGame */,
				B12CA3E5299AF5A1003407FB /* CardGameTests */,
				B12CA3EF299AF5A1003407FB /* CardGameUITests */,
			);
		};
/* End PBXProject section */

/* Begin PBXResourcesBuildPhase section */
		B12CA3CE299AF5A0003407FB /* Resources */ = {
			isa = PBXResourcesBuildPhase;
			buildActionMask = 2147483647;
			files = (
				B12CA3E0299AF5A0003407FB /* LaunchScreen.storyboard in Resources */,
				B12CA3DD299AF5A0003407FB /* Assets.xcassets in Resources */,
				B12CA3DB299AF5A0003407FB /* Main.storyboard in Resources */,
			);
			runOnlyForDeploymentPostprocessing = 0;
		};
		B12CA3E4299AF5A1003407FB /* Resources */ = {
			isa = PBXResourcesBuildPhase;
			buildActionMask = 2147483647;
			files = (
			);
			runOnlyForDeploymentPostprocessing = 0;
		};
		B12CA3EE299AF5A1003407FB /* Resources */ = {
			isa = PBXResourcesBuildPhase;
			buildActionMask = 2147483647;
			files = (
			);
			runOnlyForDeploymentPostprocessing = 0;
		};
/* End PBXResourcesBuildPhase section */

/* Begin PBXSourcesBuildPhase section */
		B12CA3CC299AF5A0003407FB /* Sources */ = {
			isa = PBXSourcesBuildPhase;
			buildActionMask = 2147483647;
			files = (
				B12CA3D8299AF5A0003407FB /* ViewController.swift in Sources */,
				B12CA3D4299AF5A0003407FB /* AppDelegate.swift in Sources */,
				B12CA3D6299AF5A0003407FB /* SceneDelegate.swift in Sources */,
			);
			runOnlyForDeploymentPostprocessing = 0;
		};
		B12CA3E2299AF5A1003407FB /* Sources */ = {
			isa = PBXSourcesBuildPhase;
			buildActionMask = 2147483647;
			files = (
				B12CA3EB299AF5A1003407FB /* CardGameTests.swift in Sources */,
			);
			runOnlyForDeploymentPostprocessing = 0;
		};
		B12CA3EC299AF5A1003407FB /* Sources */ = {
			isa = PBXSourcesBuildPhase;
			buildActionMask = 2147483647;
			files = (
				B12CA3F7299AF5A1003407FB /* CardGameUITestsLaunchTests.swift in Sources */,
				B12CA3F5299AF5A1003407FB /* CardGameUITests.swift in Sources */,
			);
			runOnlyForDeploymentPostprocessing = 0;
		};
/* End PBXSourcesBuildPhase section */

/* Begin PBXTargetDependency section */
		B12CA3E8299AF5A1003407FB /* PBXTargetDependency */ = {
			isa = PBXTargetDependency;
			target = B12CA3CF299AF5A0003407FB /* CardGame */;
			targetProxy = B12CA3E7299AF5A1003407FB /* PBXContainerItemProxy */;
		};
		B12CA3F2299AF5A1003407FB /* PBXTargetDependency */ = {
			isa = PBXTargetDependency;
			target = B12CA3CF299AF5A0003407FB /* CardGame */;
			targetProxy = B12CA3F1299AF5A1003407FB /* PBXContainerItemProxy */;
		};
/* End PBXTargetDependency section */

/* Begin PBXVariantGroup section */
		B12CA3D9299AF5A0003407FB /* Main.storyboard */ = {
			isa = PBXVariantGroup;
			children = (
				B12CA3DA299AF5A0003407FB /* Base */,
			);
			name = Main.storyboard;
			sourceTree = "<group>";
		};
		B12CA3DE299AF5A0003407FB /* LaunchScreen.storyboard */ = {
			isa = PBXVariantGroup;
			children = (
				B12CA3DF299AF5A0003407FB /* Base */,
			);
			name = LaunchScreen.storyboard;
			sourceTree = "<group>";
		};
/* End PBXVariantGroup section */

/* Begin XCBuildConfiguration section */
		B12CA3F8299AF5A1003407FB /* Debug */ = {
			isa = XCBuildConfiguration;
			buildSettings = {
				ALWAYS_SEARCH_USER_PATHS = NO;
				CLANG_ANALYZER_NONNULL = YES;
				CLANG_ANALYZER_NUMBER_OBJECT_CONVERSION = YES_AGGRESSIVE;
				CLANG_CXX_LANGUAGE_STANDARD = "gnu++20";
				CLANG_ENABLE_MODULES = YES;
				CLANG_ENABLE_OBJC_ARC = YES;
				CLANG_ENABLE_OBJC_WEAK = YES;
				CLANG_WARN_BLOCK_CAPTURE_AUTORELEASING = YES;
				CLANG_WARN_BOOL_CONVERSION = YES;
				CLANG_WARN_COMMA = YES;
				CLANG_WARN_CONSTANT_CONVERSION = YES;
				CLANG_WARN_DEPRECATED_OBJC_IMPLEMENTATIONS = YES;
				CLANG_WARN_DIRECT_OBJC_ISA_USAGE = YES_ERROR;
				CLANG_WARN_DOCUMENTATION_COMMENTS = YES;
				CLANG_WARN_EMPTY_BODY = YES;
				CLANG_WARN_ENUM_CONVERSION = YES;
				CLANG_WARN_INFINITE_RECURSION = YES;
				CLANG_WARN_INT_CONVERSION = YES;
				CLANG_WARN_NON_LITERAL_NULL_CONVERSION = YES;
				CLANG_WARN_OBJC_IMPLICIT_RETAIN_SELF = YES;
				CLANG_WARN_OBJC_LITERAL_CONVERSION = YES;
				CLANG_WARN_OBJC_ROOT_CLASS = YES_ERROR;
				CLANG_WARN_QUOTED_INCLUDE_IN_FRAMEWORK_HEADER = YES;
				CLANG_WARN_RANGE_LOOP_ANALYSIS = YES;
				CLANG_WARN_STRICT_PROTOTYPES = YES;
				CLANG_WARN_SUSPICIOUS_MOVE = YES;
				CLANG_WARN_UNGUARDED_AVAILABILITY = YES_AGGRESSIVE;
				CLANG_WARN_UNREACHABLE_CODE = YES;
				CLANG_WARN__DUPLICATE_METHOD_MATCH = YES;
				COPY_PHASE_STRIP = NO;
				DEBUG_INFORMATION_FORMAT = dwarf;
				ENABLE_STRICT_OBJC_MSGSEND = YES;
				ENABLE_TESTABILITY = YES;
				GCC_C_LANGUAGE_STANDARD = gnu11;
				GCC_DYNAMIC_NO_PIC = NO;
				GCC_NO_COMMON_BLOCKS = YES;
				GCC_OPTIMIZATION_LEVEL = 0;
				GCC_PREPROCESSOR_DEFINITIONS = (
					"DEBUG=1",
					"$(inherited)",
				);
				GCC_WARN_64_TO_32_BIT_CONVERSION = YES;
				GCC_WARN_ABOUT_RETURN_TYPE = YES_ERROR;
				GCC_WARN_UNDECLARED_SELECTOR = YES;
				GCC_WARN_UNINITIALIZED_AUTOS = YES_AGGRESSIVE;
				GCC_WARN_UNUSED_FUNCTION = YES;
				GCC_WARN_UNUSED_VARIABLE = YES;
				IPHONEOS_DEPLOYMENT_TARGET = 16.2;
				MTL_ENABLE_DEBUG_INFO = INCLUDE_SOURCE;
				MTL_FAST_MATH = YES;
				ONLY_ACTIVE_ARCH = YES;
				SDKROOT = iphoneos;
				SWIFT_ACTIVE_COMPILATION_CONDITIONS = DEBUG;
				SWIFT_OPTIMIZATION_LEVEL = "-Onone";
			};
			name = Debug;
		};
		B12CA3F9299AF5A1003407FB /* Release */ = {
			isa = XCBuildConfiguration;
			buildSettings = {
				ALWAYS_SEARCH_USER_PATHS = NO;
				CLANG_ANALYZER_NONNULL = YES;
				CLANG_ANALYZER_NUMBER_OBJECT_CONVERSION = YES_AGGRESSIVE;
				CLANG_CXX_LANGUAGE_STANDARD = "gnu++20";
				CLANG_ENABLE_MODULES = YES;
				CLANG_ENABLE_OBJC_ARC = YES;
				CLANG_ENABLE_OBJC_WEAK = YES;
				CLANG_WARN_BLOCK_CAPTURE_AUTORELEASING = YES;
				CLANG_WARN_BOOL_CONVERSION = YES;
				CLANG_WARN_COMMA = YES;
				CLANG_WARN_CONSTANT_CONVERSION = YES;
				CLANG_WARN_DEPRECATED_OBJC_IMPLEMENTATIONS = YES;
				CLANG_WARN_DIRECT_OBJC_ISA_USAGE = YES_ERROR;
				CLANG_WARN_DOCUMENTATION_COMMENTS = YES;
				CLANG_WARN_EMPTY_BODY = YES;
				CLANG_WARN_ENUM_CONVERSION = YES;
				CLANG_WARN_INFINITE_RECURSION = YES;
				CLANG_WARN_INT_CONVERSION = YES;
				CLANG_WARN_NON_LITERAL_NULL_CONVERSION = YES;
				CLANG_WARN_OBJC_IMPLICIT_RETAIN_SELF = YES;
				CLANG_WARN_OBJC_LITERAL_CONVERSION = YES;
				CLANG_WARN_OBJC_ROOT_CLASS = YES_ERROR;
				CLANG_WARN_QUOTED_INCLUDE_IN_FRAMEWORK_HEADER = YES;
				CLANG_WARN_RANGE_LOOP_ANALYSIS = YES;
				CLANG_WARN_STRICT_PROTOTYPES = YES;
				CLANG_WARN_SUSPICIOUS_MOVE = YES;
				CLANG_WARN_UNGUARDED_AVAILABILITY = YES_AGGRESSIVE;
				CLANG_WARN_UNREACHABLE_CODE = YES;
				CLANG_WARN__DUPLICATE_METHOD_MATCH = YES;
				COPY_PHASE_STRIP = NO;
				DEBUG_INFORMATION_FORMAT = "dwarf-with-dsym";
				ENABLE_NS_ASSERTIONS = NO;
				ENABLE_STRICT_OBJC_MSGSEND = YES;
				GCC_C_LANGUAGE_STANDARD = gnu11;
				GCC_NO_COMMON_BLOCKS = YES;
				GCC_WARN_64_TO_32_BIT_CONVERSION = YES;
				GCC_WARN_ABOUT_RETURN_TYPE = YES_ERROR;
				GCC_WARN_UNDECLARED_SELECTOR = YES;
				GCC_WARN_UNINITIALIZED_AUTOS = YES_AGGRESSIVE;
				GCC_WARN_UNUSED_FUNCTION = YES;
				GCC_WARN_UNUSED_VARIABLE = YES;
				IPHONEOS_DEPLOYMENT_TARGET = 16.2;
				MTL_ENABLE_DEBUG_INFO = NO;
				MTL_FAST_MATH = YES;
				SDKROOT = iphoneos;
				SWIFT_COMPILATION_MODE = wholemodule;
				SWIFT_OPTIMIZATION_LEVEL = "-O";
				VALIDATE_PRODUCT = YES;
			};
			name = Release;
		};
		B12CA3FB299AF5A1003407FB /* Debug */ = {
			isa = XCBuildConfiguration;
			buildSettings = {
				ASSETCATALOG_COMPILER_APPICON_NAME = AppIcon;
				ASSETCATALOG_COMPILER_GLOBAL_ACCENT_COLOR_NAME = AccentColor;
				CODE_SIGN_STYLE = Automatic;
				CURRENT_PROJECT_VERSION = 1;
				DEVELOPMENT_TEAM = RK3TZUDBYD;
				GENERATE_INFOPLIST_FILE = YES;
				INFOPLIST_FILE = CardGame/Info.plist;
				INFOPLIST_KEY_UIApplicationSupportsIndirectInputEvents = YES;
				INFOPLIST_KEY_UILaunchStoryboardName = LaunchScreen;
				INFOPLIST_KEY_UIMainStoryboardFile = Main;
				INFOPLIST_KEY_UISupportedInterfaceOrientations_iPad = "UIInterfaceOrientationPortrait UIInterfaceOrientationPortraitUpsideDown UIInterfaceOrientationLandscapeLeft UIInterfaceOrientationLandscapeRight";
				INFOPLIST_KEY_UISupportedInterfaceOrientations_iPhone = "UIInterfaceOrientationPortrait UIInterfaceOrientationLandscapeLeft UIInterfaceOrientationLandscapeRight";
				LD_RUNPATH_SEARCH_PATHS = (
					"$(inherited)",
					"@executable_path/Frameworks",
				);
				MARKETING_VERSION = 1.0;
				PRODUCT_BUNDLE_IDENTIFIER = aminebj.CardGame;
				PRODUCT_NAME = "$(TARGET_NAME)";
				SWIFT_EMIT_LOC_STRINGS = YES;
				SWIFT_VERSION = 5.0;
				TARGETED_DEVICE_FAMILY = "1,2";
			};
			name = Debug;
		};
		B12CA3FC299AF5A1003407FB /* Release */ = {
			isa = XCBuildConfiguration;
			buildSettings = {
				ASSETCATALOG_COMPILER_APPICON_NAME = AppIcon;
				ASSETCATALOG_COMPILER_GLOBAL_ACCENT_COLOR_NAME = AccentColor;
				CODE_SIGN_STYLE = Automatic;
				CURRENT_PROJECT_VERSION = 1;
				DEVELOPMENT_TEAM = RK3TZUDBYD;
				GENERATE_INFOPLIST_FILE = YES;
				INFOPLIST_FILE = CardGame/Info.plist;
				INFOPLIST_KEY_UIApplicationSupportsIndirectInputEvents = YES;
				INFOPLIST_KEY_UILaunchStoryboardName = LaunchScreen;
				INFOPLIST_KEY_UIMainStoryboardFile = Main;
				INFOPLIST_KEY_UISupportedInterfaceOrientations_iPad = "UIInterfaceOrientationPortrait UIInterfaceOrientationPortraitUpsideDown UIInterfaceOrientationLandscapeLeft UIInterfaceOrientationLandscapeRight";
				INFOPLIST_KEY_UISupportedInterfaceOrientations_iPhone = "UIInterfaceOrientationPortrait UIInterfaceOrientationLandscapeLeft UIInterfaceOrientationLandscapeRight";
				LD_RUNPATH_SEARCH_PATHS = (
					"$(inherited)",
					"@executable_path/Frameworks",
				);
				MARKETING_VERSION = 1.0;
				PRODUCT_BUNDLE_IDENTIFIER = aminebj.CardGame;
				PRODUCT_NAME = "$(TARGET_NAME)";
				SWIFT_EMIT_LOC_STRINGS = YES;
				SWIFT_VERSION = 5.0;
				TARGETED_DEVICE_FAMILY = "1,2";
			};
			name = Release;
		};
		B12CA3FE299AF5A1003407FB /* Debug */ = {
			isa = XCBuildConfiguration;
			buildSettings = {
				ALWAYS_EMBED_SWIFT_STANDARD_LIBRARIES = YES;
				BUNDLE_LOADER = "$(TEST_HOST)";
				CODE_SIGN_STYLE = Automatic;
				CURRENT_PROJECT_VERSION = 1;
				DEVELOPMENT_TEAM = RK3TZUDBYD;
				GENERATE_INFOPLIST_FILE = YES;
				IPHONEOS_DEPLOYMENT_TARGET = 16.2;
				MARKETING_VERSION = 1.0;
				PRODUCT_BUNDLE_IDENTIFIER = aminebj.CardGameTests;
				PRODUCT_NAME = "$(TARGET_NAME)";
				SWIFT_EMIT_LOC_STRINGS = NO;
				SWIFT_VERSION = 5.0;
				TARGETED_DEVICE_FAMILY = "1,2";
				TEST_HOST = "$(BUILT_PRODUCTS_DIR)/CardGame.app/$(BUNDLE_EXECUTABLE_FOLDER_PATH)/CardGame";
			};
			name = Debug;
		};
		B12CA3FF299AF5A1003407FB /* Release */ = {
			isa = XCBuildConfiguration;
			buildSettings = {
				ALWAYS_EMBED_SWIFT_STANDARD_LIBRARIES = YES;
				BUNDLE_LOADER = "$(TEST_HOST)";
				CODE_SIGN_STYLE = Automatic;
				CURRENT_PROJECT_VERSION = 1;
				DEVELOPMENT_TEAM = RK3TZUDBYD;
				GENERATE_INFOPLIST_FILE = YES;
				IPHONEOS_DEPLOYMENT_TARGET = 16.2;
				MARKETING_VERSION = 1.0;
				PRODUCT_BUNDLE_IDENTIFIER = aminebj.CardGameTests;
				PRODUCT_NAME = "$(TARGET_NAME)";
				SWIFT_EMIT_LOC_STRINGS = NO;
				SWIFT_VERSION = 5.0;
				TARGETED_DEVICE_FAMILY = "1,2";
				TEST_HOST = "$(BUILT_PRODUCTS_DIR)/CardGame.app/$(BUNDLE_EXECUTABLE_FOLDER_PATH)/CardGame";
			};
			name = Release;
		};
		B12CA401299AF5A1003407FB /* Debug */ = {
			isa = XCBuildConfiguration;
			buildSettings = {
				ALWAYS_EMBED_SWIFT_STANDARD_LIBRARIES = YES;
				CODE_SIGN_STYLE = Automatic;
				CURRENT_PROJECT_VERSION = 1;
				DEVELOPMENT_TEAM = RK3TZUDBYD;
				GENERATE_INFOPLIST_FILE = YES;
				MARKETING_VERSION = 1.0;
				PRODUCT_BUNDLE_IDENTIFIER = aminebj.CardGameUITests;
				PRODUCT_NAME = "$(TARGET_NAME)";
				SWIFT_EMIT_LOC_STRINGS = NO;
				SWIFT_VERSION = 5.0;
				TARGETED_DEVICE_FAMILY = "1,2";
				TEST_TARGET_NAME = CardGame;
			};
			name = Debug;
		};
		B12CA402299AF5A1003407FB /* Release */ = {
			isa = XCBuildConfiguration;
			buildSettings = {
				ALWAYS_EMBED_SWIFT_STANDARD_LIBRARIES = YES;
				CODE_SIGN_STYLE = Automatic;
				CURRENT_PROJECT_VERSION = 1;
				DEVELOPMENT_TEAM = RK3TZUDBYD;
				GENERATE_INFOPLIST_FILE = YES;
				MARKETING_VERSION = 1.0;
				PRODUCT_BUNDLE_IDENTIFIER = aminebj.CardGameUITests;
				PRODUCT_NAME = "$(TARGET_NAME)";
				SWIFT_EMIT_LOC_STRINGS = NO;
				SWIFT_VERSION = 5.0;
				TARGETED_DEVICE_FAMILY = "1,2";
				TEST_TARGET_NAME = CardGame;
			};
			name = Release;
		};
/* End XCBuildConfiguration section */

/* Begin XCConfigurationList section */
		B12CA3CB299AF5A0003407FB /* Build configuration list for PBXProject "CardGame" */ = {
			isa = XCConfigurationList;
			buildConfigurations = (
				B12CA3F8299AF5A1003407FB /* Debug */,
				B12CA3F9299AF5A1003407FB /* Release */,
			);
			defaultConfigurationIsVisible = 0;
			defaultConfigurationName = Release;
		};
		B12CA3FA299AF5A1003407FB /* Build configuration list for PBXNativeTarget "CardGame" */ = {
			isa = XCConfigurationList;
			buildConfigurations = (
				B12CA3FB299AF5A1003407FB /* Debug */,
				B12CA3FC299AF5A1003407FB /* Release */,
			);
			defaultConfigurationIsVisible = 0;
			defaultConfigurationName = Release;
		};
		B12CA3FD299AF5A1003407FB /* Build configuration list for PBXNativeTarget "CardGameTests" */ = {
			isa = XCConfigurationList;
			buildConfigurations = (
				B12CA3FE299AF5A1003407FB /* Debug */,
				B12CA3FF299AF5A1003407FB /* Release */,
			);
			defaultConfigurationIsVisible = 0;
			defaultConfigurationName = Release;
		};
		B12CA400299AF5A1003407FB /* Build configuration list for PBXNativeTarget "CardGameUITests" */ = {
			isa = XCConfigurationList;
			buildConfigurations = (
				B12CA401299AF5A1003407FB /* Debug */,
				B12CA402299AF5A1003407FB /* Release */,
			);
			defaultConfigurationIsVisible = 0;
			defaultConfigurationName = Release;
		};
/* End XCConfigurationList section */
	};
	rootObject = B12CA3C8299AF5A0003407FB /* Project object */;
}
